
Microsoft Visual Studio Solution File, Format Version 12.00
# Visual Studio Version 17
VisualStudioVersion = 17.9.34902.65
MinimumVisualStudioVersion = 10.0.40219.1
Project("{FAE04EC0-301F-11D3-BF4B-00C04F79EFBC}") = "RoomRentalTZ_1at", "RoomRentalTZ_1at.csproj", "{058D9C44-3ADF-4191-BCFC-055D55CC5F63}"
EndProject
Global
	GlobalSection(SolutionConfigurationPlatforms) = preSolution
		Debug|Any CPU = Debug|Any CPU
		Release|Any CPU = Release|Any CPU
	EndGlobalSection
	GlobalSection(ProjectConfigurationPlatforms) = postSolution
		{058D9C44-3ADF-4191-BCFC-055D55CC5F63}.Debug|Any CPU.ActiveCfg = Debug|Any CPU
		{058D9C44-3ADF-4191-BCFC-055D55CC5F63}.Debug|Any CPU.Build.0 = Debug|Any CPU
		{058D9C44-3ADF-4191-BCFC-055D55CC5F63}.Release|Any CPU.ActiveCfg = Release|Any CPU
		{058D9C44-3ADF-4191-BCFC-055D55CC5F63}.Release|Any CPU.Build.0 = Release|Any CPU
	EndGlobalSection
	GlobalSection(SolutionProperties) = preSolution
		HideSolutionNode = FALSE
	EndGlobalSection
	GlobalSection(ExtensibilityGlobals) = postSolution
		SolutionGuid = {11650514-1FC2-49EF-A95C-CFD159535503}
	EndGlobalSection
EndGlobal
